
Microsoft Visual Studio Solution File, Format Version 12.00
# Visual Studio 15
VisualStudioVersion = 15.0.28306.52
MinimumVisualStudioVersion = 10.0.40219.1
Project("{FAE04EC0-301F-11D3-BF4B-00C04F79EFBC}") = "TvMazeScraper.API", "TvMazeScraper.API\TvMazeScraper.API.csproj", "{F82C6CF0-97EC-4F4B-86F2-CAC0D603AF63}"
EndProject
Global
	GlobalSection(SolutionConfigurationPlatforms) = preSolution
		Debug|Any CPU = Debug|Any CPU
		Release|Any CPU = Release|Any CPU
	EndGlobalSection
	GlobalSection(ProjectConfigurationPlatforms) = postSolution
		{F82C6CF0-97EC-4F4B-86F2-CAC0D603AF63}.Debug|Any CPU.ActiveCfg = Debug|Any CPU
		{F82C6CF0-97EC-4F4B-86F2-CAC0D603AF63}.Debug|Any CPU.Build.0 = Debug|Any CPU
		{F82C6CF0-97EC-4F4B-86F2-CAC0D603AF63}.Release|Any CPU.ActiveCfg = Release|Any CPU
		{F82C6CF0-97EC-4F4B-86F2-CAC0D603AF63}.Release|Any CPU.Build.0 = Release|Any CPU
	EndGlobalSection
	GlobalSection(SolutionProperties) = preSolution
		HideSolutionNode = FALSE
	EndGlobalSection
	GlobalSection(ExtensibilityGlobals) = postSolution
		SolutionGuid = {CE16B69C-C3E7-4424-83BF-AB8CF1E63235}
	EndGlobalSection
EndGlobal
